// !$*UTF8*$!
{
	archiveVersion = 1;
	classes = {
	};
	objectVersion = 46;
	objects = {

/* Begin PBXBuildFile section */
		96B1D14F1FC7E72D00A49F3A /* libtcc.c in Sources */ = {isa = PBXBuildFile; fileRef = 96B1D14E1FC7E72D00A49F3A /* libtcc.c */; };
		96E545A21FC7A3200011B6E0 /* main.c in Sources */ = {isa = PBXBuildFile; fileRef = 96E545A11FC7A3200011B6E0 /* main.c */; };
/* End PBXBuildFile section */

/* Begin PBXCopyFilesBuildPhase section */
		96E5459C1FC7A3200011B6E0 /* CopyFiles */ = {
			isa = PBXCopyFilesBuildPhase;
			buildActionMask = 2147483647;
			dstPath = /usr/share/man/man1/;
			dstSubfolderSpec = 0;
			files = (
			);
			runOnlyForDeploymentPostprocessing = 1;
		};
/* End PBXCopyFilesBuildPhase section */

/* Begin PBXFileReference section */
		96B1D14E1FC7E72D00A49F3A /* libtcc.c */ = {isa = PBXFileReference; fileEncoding = 4; lastKnownFileType = sourcecode.c.c; path = libtcc.c; sourceTree = "<group>"; };
		96E5459E1FC7A3200011B6E0 /* tccproject */ = {isa = PBXFileReference; explicitFileType = "compiled.mach-o.executable"; includeInIndex = 0; path = tccproject; sourceTree = BUILT_PRODUCTS_DIR; };
		96E545A11FC7A3200011B6E0 /* main.c */ = {isa = PBXFileReference; lastKnownFileType = sourcecode.c.c; path = main.c; sourceTree = "<group>"; };
		96E545A81FC7BEFB0011B6E0 /* libtcc.h */ = {isa = PBXFileReference; lastKnownFileType = sourcecode.c.h; path = libtcc.h; sourceTree = "<group>"; };
		96E545A91FC7BF2A0011B6E0 /* tcc.h */ = {isa = PBXFileReference; lastKnownFileType = sourcecode.c.h; path = tcc.h; sourceTree = "<group>"; };
		96E545AA1FC7BF640011B6E0 /* config.h */ = {isa = PBXFileReference; lastKnownFileType = sourcecode.c.h; path = config.h; sourceTree = "<group>"; };
		96E545AB1FC7BF940011B6E0 /* elf.h */ = {isa = PBXFileReference; lastKnownFileType = sourcecode.c.h; path = elf.h; sourceTree = "<group>"; };
		96E545AC1FC7C0530011B6E0 /* i386-gen.c */ = {isa = PBXFileReference; lastKnownFileType = sourcecode.c.c; path = "i386-gen.c"; sourceTree = "<group>"; };
		96E545AD1FC7C0DD0011B6E0 /* tcctok.h */ = {isa = PBXFileReference; lastKnownFileType = sourcecode.c.h; path = tcctok.h; sourceTree = "<group>"; };
		96E545AE1FC7C1020011B6E0 /* i386-tok.h */ = {isa = PBXFileReference; lastKnownFileType = sourcecode.c.h; path = "i386-tok.h"; sourceTree = "<group>"; };
		96E545AF1FC7C1360011B6E0 /* i386-asm.h */ = {isa = PBXFileReference; lastKnownFileType = sourcecode.c.h; path = "i386-asm.h"; sourceTree = "<group>"; };
/* End PBXFileReference section */

/* Begin PBXFrameworksBuildPhase section */
		96E5459B1FC7A3200011B6E0 /* Frameworks */ = {
			isa = PBXFrameworksBuildPhase;
			buildActionMask = 2147483647;
			files = (
			);
			runOnlyForDeploymentPostprocessing = 0;
		};
/* End PBXFrameworksBuildPhase section */

/* Begin PBXGroup section */
		96E545951FC7A3200011B6E0 = {
			isa = PBXGroup;
			children = (
				96E545A01FC7A3200011B6E0 /* tccproject */,
				96E5459F1FC7A3200011B6E0 /* Products */,
			);
			sourceTree = "<group>";
		};
		96E5459F1FC7A3200011B6E0 /* Products */ = {
			isa = PBXGroup;
			children = (
				96E5459E1FC7A3200011B6E0 /* tccproject */,
			);
			name = Products;
			sourceTree = "<group>";
		};
		96E545A01FC7A3200011B6E0 /* tccproject */ = {
			isa = PBXGroup;
			children = (
				96E545A11FC7A3200011B6E0 /* main.c */,
				96E545A81FC7BEFB0011B6E0 /* libtcc.h */,
				96E545A91FC7BF2A0011B6E0 /* tcc.h */,
				96E545AA1FC7BF640011B6E0 /* config.h */,
				96E545AB1FC7BF940011B6E0 /* elf.h */,
				96E545AC1FC7C0530011B6E0 /* i386-gen.c */,
				96E545AD1FC7C0DD0011B6E0 /* tcctok.h */,
				96E545AE1FC7C1020011B6E0 /* i386-tok.h */,
				96E545AF1FC7C1360011B6E0 /* i386-asm.h */,
				96B1D14E1FC7E72D00A49F3A /* libtcc.c */,
			);
			path = tccproject;
			sourceTree = "<group>";
		};
/* End PBXGroup section */

/* Begin PBXNativeTarget section */
		96E5459D1FC7A3200011B6E0 /* tccproject */ = {
			isa = PBXNativeTarget;
			buildConfigurationList = 96E545A51FC7A3200011B6E0 /* Build configuration list for PBXNativeTarget "tccproject" */;
			buildPhases = (
				96E5459A1FC7A3200011B6E0 /* Sources */,
				96E5459B1FC7A3200011B6E0 /* Frameworks */,
				96E5459C1FC7A3200011B6E0 /* CopyFiles */,
			);
			buildRules = (
			);
			dependencies = (
			);
			name = tccproject;
			productName = tccproject;
			productReference = 96E5459E1FC7A3200011B6E0 /* tccproject */;
			productType = "com.apple.product-type.tool";
		};
/* End PBXNativeTarget section */

/* Begin PBXProject section */
		96E545961FC7A3200011B6E0 /* Project object */ = {
			isa = PBXProject;
			attributes = {
				LastUpgradeCheck = 0730;
				ORGANIZATIONNAME = eddy.wu;
				TargetAttributes = {
					96E5459D1FC7A3200011B6E0 = {
						CreatedOnToolsVersion = 7.3;
					};
				};
			};
			buildConfigurationList = 96E545991FC7A3200011B6E0 /* Build configuration list for PBXProject "tccproject" */;
			compatibilityVersion = "Xcode 3.2";
			developmentRegion = English;
			hasScannedForEncodings = 0;
			knownRegions = (
				en,
			);
			mainGroup = 96E545951FC7A3200011B6E0;
			productRefGroup = 96E5459F1FC7A3200011B6E0 /* Products */;
			projectDirPath = "";
			projectRoot = "";
			targets = (
				96E5459D1FC7A3200011B6E0 /* tccproject */,
			);
		};
/* End PBXProject section */

/* Begin PBXSourcesBuildPhase section */
		96E5459A1FC7A3200011B6E0 /* Sources */ = {
			isa = PBXSourcesBuildPhase;
			buildActionMask = 2147483647;
			files = (
				96B1D14F1FC7E72D00A49F3A /* libtcc.c in Sources */,
				96E545A21FC7A3200011B6E0 /* main.c in Sources */,
			);
			runOnlyForDeploymentPostprocessing = 0;
		};
/* End PBXSourcesBuildPhase section */

/* Begin XCBuildConfiguration section */
		96E545A31FC7A3200011B6E0 /* Debug */ = {
			isa = XCBuildConfiguration;
			buildSettings = {
				ALWAYS_SEARCH_USER_PATHS = NO;
				CLANG_ANALYZER_NONNULL = YES;
				CLANG_CXX_LANGUAGE_STANDARD = "gnu++0x";
				CLANG_CXX_LIBRARY = "libc++";
				CLANG_ENABLE_MODULES = YES;
				CLANG_ENABLE_OBJC_ARC = YES;
				CLANG_WARN_BOOL_CONVERSION = YES;
				CLANG_WARN_CONSTANT_CONVERSION = YES;
				CLANG_WARN_DIRECT_OBJC_ISA_USAGE = YES_ERROR;
				CLANG_WARN_EMPTY_BODY = YES;
				CLANG_WARN_ENUM_CONVERSION = YES;
				CLANG_WARN_INT_CONVERSION = YES;
				CLANG_WARN_OBJC_ROOT_CLASS = YES_ERROR;
				CLANG_WARN_UNREACHABLE_CODE = YES;
				CLANG_WARN__DUPLICATE_METHOD_MATCH = YES;
				CODE_SIGN_IDENTITY = "-";
				COPY_PHASE_STRIP = NO;
				DEBUG_INFORMATION_FORMAT = dwarf;
				ENABLE_STRICT_OBJC_MSGSEND = YES;
				ENABLE_TESTABILITY = YES;
				GCC_C_LANGUAGE_STANDARD = gnu99;
				GCC_DYNAMIC_NO_PIC = NO;
				GCC_NO_COMMON_BLOCKS = YES;
				GCC_OPTIMIZATION_LEVEL = 0;
				GCC_PREPROCESSOR_DEFINITIONS = (
					"DEBUG=1",
					"$(inherited)",
				);
				GCC_WARN_64_TO_32_BIT_CONVERSION = YES;
				GCC_WARN_ABOUT_RETURN_TYPE = YES_ERROR;
				GCC_WARN_UNDECLARED_SELECTOR = YES;
				GCC_WARN_UNINITIALIZED_AUTOS = YES_AGGRESSIVE;
				GCC_WARN_UNUSED_FUNCTION = YES;
				GCC_WARN_UNUSED_VARIABLE = YES;
				MACOSX_DEPLOYMENT_TARGET = 10.11;
				MTL_ENABLE_DEBUG_INFO = YES;
				ONLY_ACTIVE_ARCH = YES;
				SDKROOT = macosx;
			};
			name = Debug;
		};
		96E545A41FC7A3200011B6E0 /* Release */ = {
			isa = XCBuildConfiguration;
			buildSettings = {
				ALWAYS_SEARCH_USER_PATHS = NO;
				CLANG_ANALYZER_NONNULL = YES;
				CLANG_CXX_LANGUAGE_STANDARD = "gnu++0x";
				CLANG_CXX_LIBRARY = "libc++";
				CLANG_ENABLE_MODULES = YES;
				CLANG_ENABLE_OBJC_ARC = YES;
				CLANG_WARN_BOOL_CONVERSION = YES;
				CLANG_WARN_CONSTANT_CONVERSION = YES;
				CLANG_WARN_DIRECT_OBJC_ISA_USAGE = YES_ERROR;
				CLANG_WARN_EMPTY_BODY = YES;
				CLANG_WARN_ENUM_CONVERSION = YES;
				CLANG_WARN_INT_CONVERSION = YES;
				CLANG_WARN_OBJC_ROOT_CLASS = YES_ERROR;
				CLANG_WARN_UNREACHABLE_CODE = YES;
				CLANG_WARN__DUPLICATE_METHOD_MATCH = YES;
				CODE_SIGN_IDENTITY = "-";
				COPY_PHASE_STRIP = NO;
				DEBUG_INFORMATION_FORMAT = "dwarf-with-dsym";
				ENABLE_NS_ASSERTIONS = NO;
				ENABLE_STRICT_OBJC_MSGSEND = YES;
				GCC_C_LANGUAGE_STANDARD = gnu99;
				GCC_NO_COMMON_BLOCKS = YES;
				GCC_WARN_64_TO_32_BIT_CONVERSION = YES;
				GCC_WARN_ABOUT_RETURN_TYPE = YES_ERROR;
				GCC_WARN_UNDECLARED_SELECTOR = YES;
				GCC_WARN_UNINITIALIZED_AUTOS = YES_AGGRESSIVE;
				GCC_WARN_UNUSED_FUNCTION = YES;
				GCC_WARN_UNUSED_VARIABLE = YES;
				MACOSX_DEPLOYMENT_TARGET = 10.11;
				MTL_ENABLE_DEBUG_INFO = NO;
				SDKROOT = macosx;
			};
			name = Release;
		};
		96E545A61FC7A3200011B6E0 /* Debug */ = {
			isa = XCBuildConfiguration;
			buildSettings = {
				PRODUCT_NAME = "$(TARGET_NAME)";
			};
			name = Debug;
		};
		96E545A71FC7A3200011B6E0 /* Release */ = {
			isa = XCBuildConfiguration;
			buildSettings = {
				PRODUCT_NAME = "$(TARGET_NAME)";
			};
			name = Release;
		};
/* End XCBuildConfiguration section */

/* Begin XCConfigurationList section */
		96E545991FC7A3200011B6E0 /* Build configuration list for PBXProject "tccproject" */ = {
			isa = XCConfigurationList;
			buildConfigurations = (
				96E545A31FC7A3200011B6E0 /* Debug */,
				96E545A41FC7A3200011B6E0 /* Release */,
			);
			defaultConfigurationIsVisible = 0;
			defaultConfigurationName = Release;
		};
		96E545A51FC7A3200011B6E0 /* Build configuration list for PBXNativeTarget "tccproject" */ = {
			isa = XCConfigurationList;
			buildConfigurations = (
				96E545A61FC7A3200011B6E0 /* Debug */,
				96E545A71FC7A3200011B6E0 /* Release */,
			);
			defaultConfigurationIsVisible = 0;
			defaultConfigurationName = Release;
		};
/* End XCConfigurationList section */
	};
	rootObject = 96E545961FC7A3200011B6E0 /* Project object */;
}
